
Microsoft Visual Studio Solution File, Format Version 12.00
# Visual Studio Version 16
VisualStudioVersion = 16.0.29306.81
MinimumVisualStudioVersion = 10.0.40219.1
Project("{FAE04EC0-301F-11D3-BF4B-00C04F79EFBC}") = "WebApplication1", "WebApplication1\WebApplication1.csproj", "{9CA1F39F-2585-4396-A48F-A580113A9F13}"
EndProject
Global
	GlobalSection(SolutionConfigurationPlatforms) = preSolution
		Debug|Any CPU = Debug|Any CPU
		Release|Any CPU = Release|Any CPU
	EndGlobalSection
	GlobalSection(ProjectConfigurationPlatforms) = postSolution
		{9CA1F39F-2585-4396-A48F-A580113A9F13}.Debug|Any CPU.ActiveCfg = Debug|Any CPU
		{9CA1F39F-2585-4396-A48F-A580113A9F13}.Debug|Any CPU.Build.0 = Debug|Any CPU
		{9CA1F39F-2585-4396-A48F-A580113A9F13}.Release|Any CPU.ActiveCfg = Release|Any CPU
		{9CA1F39F-2585-4396-A48F-A580113A9F13}.Release|Any CPU.Build.0 = Release|Any CPU
	EndGlobalSection
	GlobalSection(SolutionProperties) = preSolution
		HideSolutionNode = FALSE
	EndGlobalSection
	GlobalSection(ExtensibilityGlobals) = postSolution
		SolutionGuid = {A9929580-0D07-4850-9C29-92BA8B6E9331}
	EndGlobalSection
EndGlobal
